
Microsoft Visual Studio Solution File, Format Version 12.00
# Visual Studio Version 17
VisualStudioVersion = 17.6.33723.286
MinimumVisualStudioVersion = 10.0.40219.1
Project("{FAE04EC0-301F-11D3-BF4B-00C04F79EFBC}") = "calculator", "calculator\calculator.csproj", "{2D8090D7-209D-4FB1-A744-8E174C27A1A6}"
EndProject
Global
	GlobalSection(SolutionConfigurationPlatforms) = preSolution
		Debug|Any CPU = Debug|Any CPU
		Release|Any CPU = Release|Any CPU
	EndGlobalSection
	GlobalSection(ProjectConfigurationPlatforms) = postSolution
		{2D8090D7-209D-4FB1-A744-8E174C27A1A6}.Debug|Any CPU.ActiveCfg = Debug|Any CPU
		{2D8090D7-209D-4FB1-A744-8E174C27A1A6}.Debug|Any CPU.Build.0 = Debug|Any CPU
		{2D8090D7-209D-4FB1-A744-8E174C27A1A6}.Release|Any CPU.ActiveCfg = Release|Any CPU
		{2D8090D7-209D-4FB1-A744-8E174C27A1A6}.Release|Any CPU.Build.0 = Release|Any CPU
	EndGlobalSection
	GlobalSection(SolutionProperties) = preSolution
		HideSolutionNode = FALSE
	EndGlobalSection
	GlobalSection(ExtensibilityGlobals) = postSolution
		SolutionGuid = {8C9F91A6-F34C-4F34-A716-5E9255D4CC52}
	EndGlobalSection
EndGlobal
